// !$*UTF8*$!
{
	archiveVersion = 1;
	classes = {
	};
	objectVersion = 77;
	objects = {

/* Begin PBXBuildFile section */
		55E98DE12F84822900121E23 /* AppDelegate.swift in Sources */ = {isa = PBXBuildFile; fileRef = 55E98DE02F84822900121E23 /* AppDelegate.swift */; };
		55E98DE52F84822900121E23 /* Main.html in Resources */ = {isa = PBXBuildFile; fileRef = 55E98DE32F84822900121E23 /* Main.html */; };
		55E98DE72F84822900121E23 /* Icon.png in Resources */ = {isa = PBXBuildFile; fileRef = 55E98DE62F84822900121E23 /* Icon.png */; };
		55E98DE92F84822900121E23 /* Style.css in Resources */ = {isa = PBXBuildFile; fileRef = 55E98DE82F84822900121E23 /* Style.css */; };
		55E98DEB2F84822900121E23 /* Script.js in Resources */ = {isa = PBXBuildFile; fileRef = 55E98DEA2F84822900121E23 /* Script.js */; };
		55E98DED2F84822900121E23 /* ViewController.swift in Sources */ = {isa = PBXBuildFile; fileRef = 55E98DEC2F84822900121E23 /* ViewController.swift */; };
		55E98DF02F84822900121E23 /* Main.storyboard in Resources */ = {isa = PBXBuildFile; fileRef = 55E98DEE2F84822900121E23 /* Main.storyboard */; };
		55E98DF22F84822900121E23 /* Assets.xcassets in Resources */ = {isa = PBXBuildFile; fileRef = 55E98DF12F84822900121E23 /* Assets.xcassets */; };
		55E98DF92F84822A00121E23 /* LibrAA Translator Extension.appex in Embed Foundation Extensions */ = {isa = PBXBuildFile; fileRef = 55E98DF82F84822A00121E23 /* LibrAA Translator Extension.appex */; settings = {ATTRIBUTES = (RemoveHeadersOnCopy, ); }; };
		55E98DFE2F84822A00121E23 /* SafariWebExtensionHandler.swift in Sources */ = {isa = PBXBuildFile; fileRef = 55E98DFD2F84822A00121E23 /* SafariWebExtensionHandler.swift */; };
		55E98E142F84822A00121E23 /* popup.js in Resources */ = {isa = PBXBuildFile; fileRef = 55E98E0A2F84822A00121E23 /* popup.js */; };
		55E98E152F84822A00121E23 /* content.css in Resources */ = {isa = PBXBuildFile; fileRef = 55E98E0B2F84822A00121E23 /* content.css */; };
		55E98E162F84822A00121E23 /* background.js in Resources */ = {isa = PBXBuildFile; fileRef = 55E98E0C2F84822A00121E23 /* background.js */; };
		55E98E172F84822A00121E23 /* popup.html in Resources */ = {isa = PBXBuildFile; fileRef = 55E98E0D2F84822A00121E23 /* popup.html */; };
		55E98E182F84822A00121E23 /* icon48.png in Resources */ = {isa = PBXBuildFile; fileRef = 55E98E0E2F84822A00121E23 /* icon48.png */; };
		55E98E192F84822A00121E23 /* icon.svg in Resources */ = {isa = PBXBuildFile; fileRef = 55E98E0F2F84822A00121E23 /* icon.svg */; };
		55E98E1A2F84822A00121E23 /* icon128.png in Resources */ = {isa = PBXBuildFile; fileRef = 55E98E102F84822A00121E23 /* icon128.png */; };
		55E98E1B2F84822A00121E23 /* manifest.json in Resources */ = {isa = PBXBuildFile; fileRef = 55E98E112F84822A00121E23 /* manifest.json */; };
		55E98E1C2F84822A00121E23 /* content.js in Resources */ = {isa = PBXBuildFile; fileRef = 55E98E122F84822A00121E23 /* content.js */; };
		55E98E1D2F84822A00121E23 /* STORE_LISTING.md in Resources */ = {isa = PBXBuildFile; fileRef = 55E98E132F84822A00121E23 /* STORE_LISTING.md */; };
/* End PBXBuildFile section */

/* Begin PBXContainerItemProxy section */
		55E98DFA2F84822A00121E23 /* PBXContainerItemProxy */ = {
			isa = PBXContainerItemProxy;
			containerPortal = 55E98DD52F84822800121E23 /* Project object */;
			proxyType = 1;
			remoteGlobalIDString = 55E98DF72F84822A00121E23;
			remoteInfo = "LibrAA Translator Extension";
		};
/* End PBXContainerItemProxy section */

/* Begin PBXCopyFilesBuildPhase section */
		55E98E052F84822A00121E23 /* Embed Foundation Extensions */ = {
			isa = PBXCopyFilesBuildPhase;
			buildActionMask = 2147483647;
			dstPath = "";
			dstSubfolderSpec = 13;
			files = (
				55E98DF92F84822A00121E23 /* LibrAA Translator Extension.appex in Embed Foundation Extensions */,
			);
			name = "Embed Foundation Extensions";
			runOnlyForDeploymentPostprocessing = 0;
		};
/* End PBXCopyFilesBuildPhase section */

/* Begin PBXFileReference section */
		55E98DDD2F84822900121E23 /* LibrAA Translator.app */ = {isa = PBXFileReference; explicitFileType = wrapper.application; includeInIndex = 0; path = "LibrAA Translator.app"; sourceTree = BUILT_PRODUCTS_DIR; };
		55E98DE02F84822900121E23 /* AppDelegate.swift */ = {isa = PBXFileReference; lastKnownFileType = sourcecode.swift; path = AppDelegate.swift; sourceTree = "<group>"; };
		55E98DE42F84822900121E23 /* Base */ = {isa = PBXFileReference; lastKnownFileType = text.html; name = Base; path = Base.lproj/Main.html; sourceTree = "<group>"; };
		55E98DE62F84822900121E23 /* Icon.png */ = {isa = PBXFileReference; lastKnownFileType = image.png; path = Icon.png; sourceTree = "<group>"; };
		55E98DE82F84822900121E23 /* Style.css */ = {isa = PBXFileReference; lastKnownFileType = text.css; path = Style.css; sourceTree = "<group>"; };
		55E98DEA2F84822900121E23 /* Script.js */ = {isa = PBXFileReference; lastKnownFileType = sourcecode.javascript; path = Script.js; sourceTree = "<group>"; };
		55E98DEC2F84822900121E23 /* ViewController.swift */ = {isa = PBXFileReference; lastKnownFileType = sourcecode.swift; path = ViewController.swift; sourceTree = "<group>"; };
		55E98DEF2F84822900121E23 /* Base */ = {isa = PBXFileReference; lastKnownFileType = file.storyboard; name = Base; path = Base.lproj/Main.storyboard; sourceTree = "<group>"; };
		55E98DF12F84822900121E23 /* Assets.xcassets */ = {isa = PBXFileReference; lastKnownFileType = folder.assetcatalog; path = Assets.xcassets; sourceTree = "<group>"; };
		55E98DF32F84822A00121E23 /* Info.plist */ = {isa = PBXFileReference; lastKnownFileType = text.plist.xml; path = Info.plist; sourceTree = "<group>"; };
		55E98DF82F84822A00121E23 /* LibrAA Translator Extension.appex */ = {isa = PBXFileReference; explicitFileType = "wrapper.app-extension"; includeInIndex = 0; path = "LibrAA Translator Extension.appex"; sourceTree = BUILT_PRODUCTS_DIR; };
		55E98DFD2F84822A00121E23 /* SafariWebExtensionHandler.swift */ = {isa = PBXFileReference; lastKnownFileType = sourcecode.swift; path = SafariWebExtensionHandler.swift; sourceTree = "<group>"; };
		55E98DFF2F84822A00121E23 /* Info.plist */ = {isa = PBXFileReference; lastKnownFileType = text.plist.xml; path = Info.plist; sourceTree = "<group>"; };
		55E98E0A2F84822A00121E23 /* popup.js */ = {isa = PBXFileReference; lastKnownFileType = sourcecode.javascript; name = popup.js; path = Resources/popup.js; sourceTree = "<group>"; };
		55E98E0B2F84822A00121E23 /* content.css */ = {isa = PBXFileReference; lastKnownFileType = text.css; name = content.css; path = Resources/content.css; sourceTree = "<group>"; };
		55E98E0C2F84822A00121E23 /* background.js */ = {isa = PBXFileReference; lastKnownFileType = sourcecode.javascript; name = background.js; path = Resources/background.js; sourceTree = "<group>"; };
		55E98E0D2F84822A00121E23 /* popup.html */ = {isa = PBXFileReference; lastKnownFileType = text.html; name = popup.html; path = Resources/popup.html; sourceTree = "<group>"; };
		55E98E0E2F84822A00121E23 /* icon48.png */ = {isa = PBXFileReference; lastKnownFileType = image.png; name = icon48.png; path = Resources/icon48.png; sourceTree = "<group>"; };
		55E98E0F2F84822A00121E23 /* icon.svg */ = {isa = PBXFileReference; lastKnownFileType = text; name = icon.svg; path = Resources/icon.svg; sourceTree = "<group>"; };
		55E98E102F84822A00121E23 /* icon128.png */ = {isa = PBXFileReference; lastKnownFileType = image.png; name = icon128.png; path = Resources/icon128.png; sourceTree = "<group>"; };
		55E98E112F84822A00121E23 /* manifest.json */ = {isa = PBXFileReference; lastKnownFileType = text.json; name = manifest.json; path = Resources/manifest.json; sourceTree = "<group>"; };
		55E98E122F84822A00121E23 /* content.js */ = {isa = PBXFileReference; lastKnownFileType = sourcecode.javascript; name = content.js; path = Resources/content.js; sourceTree = "<group>"; };
		55E98E132F84822A00121E23 /* STORE_LISTING.md */ = {isa = PBXFileReference; lastKnownFileType = net.daringfireball.markdown; name = STORE_LISTING.md; path = Resources/STORE_LISTING.md; sourceTree = "<group>"; };
/* End PBXFileReference section */

/* Begin PBXFrameworksBuildPhase section */
		55E98DDA2F84822800121E23 /* Frameworks */ = {
			isa = PBXFrameworksBuildPhase;
			buildActionMask = 2147483647;
			files = (
			);
			runOnlyForDeploymentPostprocessing = 0;
		};
		55E98DF52F84822A00121E23 /* Frameworks */ = {
			isa = PBXFrameworksBuildPhase;
			buildActionMask = 2147483647;
			files = (
			);
			runOnlyForDeploymentPostprocessing = 0;
		};
/* End PBXFrameworksBuildPhase section */

/* Begin PBXGroup section */
		55E98DD42F84822800121E23 = {
			isa = PBXGroup;
			children = (
				55E98DDF2F84822900121E23 /* LibrAA Translator */,
				55E98DFC2F84822A00121E23 /* LibrAA Translator Extension */,
				55E98DDE2F84822900121E23 /* Products */,
			);
			sourceTree = "<group>";
		};
		55E98DDE2F84822900121E23 /* Products */ = {
			isa = PBXGroup;
			children = (
				55E98DDD2F84822900121E23 /* LibrAA Translator.app */,
				55E98DF82F84822A00121E23 /* LibrAA Translator Extension.appex */,
			);
			name = Products;
			sourceTree = "<group>";
		};
		55E98DDF2F84822900121E23 /* LibrAA Translator */ = {
			isa = PBXGroup;
			children = (
				55E98DE02F84822900121E23 /* AppDelegate.swift */,
				55E98DEC2F84822900121E23 /* ViewController.swift */,
				55E98DEE2F84822900121E23 /* Main.storyboard */,
				55E98DF12F84822900121E23 /* Assets.xcassets */,
				55E98DF32F84822A00121E23 /* Info.plist */,
				55E98DE22F84822900121E23 /* Resources */,
			);
			path = "LibrAA Translator";
			sourceTree = "<group>";
		};
		55E98DE22F84822900121E23 /* Resources */ = {
			isa = PBXGroup;
			children = (
				55E98DE32F84822900121E23 /* Main.html */,
				55E98DE62F84822900121E23 /* Icon.png */,
				55E98DE82F84822900121E23 /* Style.css */,
				55E98DEA2F84822900121E23 /* Script.js */,
			);
			path = Resources;
			sourceTree = "<group>";
		};
		55E98DFC2F84822A00121E23 /* LibrAA Translator Extension */ = {
			isa = PBXGroup;
			children = (
				55E98E092F84822A00121E23 /* Resources */,
				55E98DFD2F84822A00121E23 /* SafariWebExtensionHandler.swift */,
				55E98DFF2F84822A00121E23 /* Info.plist */,
			);
			path = "LibrAA Translator Extension";
			sourceTree = "<group>";
		};
		55E98E092F84822A00121E23 /* Resources */ = {
			isa = PBXGroup;
			children = (
				55E98E0A2F84822A00121E23 /* popup.js */,
				55E98E0B2F84822A00121E23 /* content.css */,
				55E98E0C2F84822A00121E23 /* background.js */,
				55E98E0D2F84822A00121E23 /* popup.html */,
				55E98E0E2F84822A00121E23 /* icon48.png */,
				55E98E0F2F84822A00121E23 /* icon.svg */,
				55E98E102F84822A00121E23 /* icon128.png */,
				55E98E112F84822A00121E23 /* manifest.json */,
				55E98E122F84822A00121E23 /* content.js */,
				55E98E132F84822A00121E23 /* STORE_LISTING.md */,
			);
			name = Resources;
			path = "LibrAA Translator Extension";
			sourceTree = SOURCE_ROOT;
		};
/* End PBXGroup section */

/* Begin PBXNativeTarget section */
		55E98DDC2F84822800121E23 /* LibrAA Translator */ = {
			isa = PBXNativeTarget;
			buildConfigurationList = 55E98E062F84822A00121E23 /* Build configuration list for PBXNativeTarget "LibrAA Translator" */;
			buildPhases = (
				55E98DD92F84822800121E23 /* Sources */,
				55E98DDA2F84822800121E23 /* Frameworks */,
				55E98DDB2F84822800121E23 /* Resources */,
				55E98E052F84822A00121E23 /* Embed Foundation Extensions */,
			);
			buildRules = (
			);
			dependencies = (
				55E98DFB2F84822A00121E23 /* PBXTargetDependency */,
			);
			name = "LibrAA Translator";
			packageProductDependencies = (
			);
			productName = "LibrAA Translator";
			productReference = 55E98DDD2F84822900121E23 /* LibrAA Translator.app */;
			productType = "com.apple.product-type.application";
		};
		55E98DF72F84822A00121E23 /* LibrAA Translator Extension */ = {
			isa = PBXNativeTarget;
			buildConfigurationList = 55E98E022F84822A00121E23 /* Build configuration list for PBXNativeTarget "LibrAA Translator Extension" */;
			buildPhases = (
				55E98DF42F84822A00121E23 /* Sources */,
				55E98DF52F84822A00121E23 /* Frameworks */,
				55E98DF62F84822A00121E23 /* Resources */,
			);
			buildRules = (
			);
			dependencies = (
			);
			name = "LibrAA Translator Extension";
			packageProductDependencies = (
			);
			productName = "LibrAA Translator Extension";
			productReference = 55E98DF82F84822A00121E23 /* LibrAA Translator Extension.appex */;
			productType = "com.apple.product-type.app-extension";
		};
/* End PBXNativeTarget section */

/* Begin PBXProject section */
		55E98DD52F84822800121E23 /* Project object */ = {
			isa = PBXProject;
			attributes = {
				BuildIndependentTargetsInParallel = 1;
				LastSwiftUpdateCheck = 2640;
				LastUpgradeCheck = 2640;
				TargetAttributes = {
					55E98DDC2F84822800121E23 = {
						CreatedOnToolsVersion = 26.4;
					};
					55E98DF72F84822A00121E23 = {
						CreatedOnToolsVersion = 26.4;
					};
				};
			};
			buildConfigurationList = 55E98DD82F84822800121E23 /* Build configuration list for PBXProject "LibrAA Translator" */;
			developmentRegion = en;
			hasScannedForEncodings = 0;
			knownRegions = (
				en,
				Base,
			);
			mainGroup = 55E98DD42F84822800121E23;
			minimizedProjectReferenceProxies = 1;
			preferredProjectObjectVersion = 77;
			productRefGroup = 55E98DDE2F84822900121E23 /* Products */;
			projectDirPath = "";
			projectRoot = "";
			targets = (
				55E98DDC2F84822800121E23 /* LibrAA Translator */,
				55E98DF72F84822A00121E23 /* LibrAA Translator Extension */,
			);
		};
/* End PBXProject section */

/* Begin PBXResourcesBuildPhase section */
		55E98DDB2F84822800121E23 /* Resources */ = {
			isa = PBXResourcesBuildPhase;
			buildActionMask = 2147483647;
			files = (
				55E98DE72F84822900121E23 /* Icon.png in Resources */,
				55E98DF02F84822900121E23 /* Main.storyboard in Resources */,
				55E98DEB2F84822900121E23 /* Script.js in Resources */,
				55E98DE52F84822900121E23 /* Main.html in Resources */,
				55E98DF22F84822900121E23 /* Assets.xcassets in Resources */,
				55E98DE92F84822900121E23 /* Style.css in Resources */,
			);
			runOnlyForDeploymentPostprocessing = 0;
		};
		55E98DF62F84822A00121E23 /* Resources */ = {
			isa = PBXResourcesBuildPhase;
			buildActionMask = 2147483647;
			files = (
				55E98E142F84822A00121E23 /* popup.js in Resources */,
				55E98E192F84822A00121E23 /* icon.svg in Resources */,
				55E98E172F84822A00121E23 /* popup.html in Resources */,
				55E98E1D2F84822A00121E23 /* STORE_LISTING.md in Resources */,
				55E98E162F84822A00121E23 /* background.js in Resources */,
				55E98E1B2F84822A00121E23 /* manifest.json in Resources */,
				55E98E152F84822A00121E23 /* content.css in Resources */,
				55E98E1C2F84822A00121E23 /* content.js in Resources */,
				55E98E182F84822A00121E23 /* icon48.png in Resources */,
				55E98E1A2F84822A00121E23 /* icon128.png in Resources */,
			);
			runOnlyForDeploymentPostprocessing = 0;
		};
/* End PBXResourcesBuildPhase section */

/* Begin PBXSourcesBuildPhase section */
		55E98DD92F84822800121E23 /* Sources */ = {
			isa = PBXSourcesBuildPhase;
			buildActionMask = 2147483647;
			files = (
				55E98DED2F84822900121E23 /* ViewController.swift in Sources */,
				55E98DE12F84822900121E23 /* AppDelegate.swift in Sources */,
			);
			runOnlyForDeploymentPostprocessing = 0;
		};
		55E98DF42F84822A00121E23 /* Sources */ = {
			isa = PBXSourcesBuildPhase;
			buildActionMask = 2147483647;
			files = (
				55E98DFE2F84822A00121E23 /* SafariWebExtensionHandler.swift in Sources */,
			);
			runOnlyForDeploymentPostprocessing = 0;
		};
/* End PBXSourcesBuildPhase section */

/* Begin PBXTargetDependency section */
		55E98DFB2F84822A00121E23 /* PBXTargetDependency */ = {
			isa = PBXTargetDependency;
			target = 55E98DF72F84822A00121E23 /* LibrAA Translator Extension */;
			targetProxy = 55E98DFA2F84822A00121E23 /* PBXContainerItemProxy */;
		};
/* End PBXTargetDependency section */

/* Begin PBXVariantGroup section */
		55E98DE32F84822900121E23 /* Main.html */ = {
			isa = PBXVariantGroup;
			children = (
				55E98DE42F84822900121E23 /* Base */,
			);
			name = Main.html;
			sourceTree = "<group>";
		};
		55E98DEE2F84822900121E23 /* Main.storyboard */ = {
			isa = PBXVariantGroup;
			children = (
				55E98DEF2F84822900121E23 /* Base */,
			);
			name = Main.storyboard;
			sourceTree = "<group>";
		};
/* End PBXVariantGroup section */

/* Begin XCBuildConfiguration section */
		55E98E002F84822A00121E23 /* Debug */ = {
			isa = XCBuildConfiguration;
			buildSettings = {
				ALWAYS_SEARCH_USER_PATHS = NO;
				ASSETCATALOG_COMPILER_GENERATE_SWIFT_ASSET_SYMBOL_EXTENSIONS = YES;
				CLANG_ANALYZER_NONNULL = YES;
				CLANG_ANALYZER_NUMBER_OBJECT_CONVERSION = YES_AGGRESSIVE;
				CLANG_CXX_LANGUAGE_STANDARD = "gnu++20";
				CLANG_ENABLE_MODULES = YES;
				CLANG_ENABLE_OBJC_ARC = YES;
				CLANG_ENABLE_OBJC_WEAK = YES;
				CLANG_WARN_BLOCK_CAPTURE_AUTORELEASING = YES;
				CLANG_WARN_BOOL_CONVERSION = YES;
				CLANG_WARN_COMMA = YES;
				CLANG_WARN_CONSTANT_CONVERSION = YES;
				CLANG_WARN_DEPRECATED_OBJC_IMPLEMENTATIONS = YES;
				CLANG_WARN_DIRECT_OBJC_ISA_USAGE = YES_ERROR;
				CLANG_WARN_DOCUMENTATION_COMMENTS = YES;
				CLANG_WARN_EMPTY_BODY = YES;
				CLANG_WARN_ENUM_CONVERSION = YES;
				CLANG_WARN_INFINITE_RECURSION = YES;
				CLANG_WARN_INT_CONVERSION = YES;
				CLANG_WARN_NON_LITERAL_NULL_CONVERSION = YES;
				CLANG_WARN_OBJC_IMPLICIT_RETAIN_SELF = YES;
				CLANG_WARN_OBJC_LITERAL_CONVERSION = YES;
				CLANG_WARN_OBJC_ROOT_CLASS = YES_ERROR;
				CLANG_WARN_QUOTED_INCLUDE_IN_FRAMEWORK_HEADER = YES;
				CLANG_WARN_RANGE_LOOP_ANALYSIS = YES;
				CLANG_WARN_STRICT_PROTOTYPES = YES;
				CLANG_WARN_SUSPICIOUS_MOVE = YES;
				CLANG_WARN_UNGUARDED_AVAILABILITY = YES_AGGRESSIVE;
				CLANG_WARN_UNREACHABLE_CODE = YES;
				CLANG_WARN__DUPLICATE_METHOD_MATCH = YES;
				COPY_PHASE_STRIP = NO;
				DEBUG_INFORMATION_FORMAT = dwarf;
				ENABLE_STRICT_OBJC_MSGSEND = YES;
				ENABLE_TESTABILITY = YES;
				ENABLE_USER_SCRIPT_SANDBOXING = YES;
				GCC_C_LANGUAGE_STANDARD = gnu17;
				GCC_DYNAMIC_NO_PIC = NO;
				GCC_NO_COMMON_BLOCKS = YES;
				GCC_OPTIMIZATION_LEVEL = 0;
				GCC_PREPROCESSOR_DEFINITIONS = (
					"DEBUG=1",
					"$(inherited)",
				);
				GCC_WARN_64_TO_32_BIT_CONVERSION = YES;
				GCC_WARN_ABOUT_RETURN_TYPE = YES_ERROR;
				GCC_WARN_UNDECLARED_SELECTOR = YES;
				GCC_WARN_UNINITIALIZED_AUTOS = YES_AGGRESSIVE;
				GCC_WARN_UNUSED_FUNCTION = YES;
				GCC_WARN_UNUSED_VARIABLE = YES;
				LOCALIZATION_PREFERS_STRING_CATALOGS = YES;
				MACOSX_DEPLOYMENT_TARGET = 10.14;
				MTL_ENABLE_DEBUG_INFO = INCLUDE_SOURCE;
				MTL_FAST_MATH = YES;
				ONLY_ACTIVE_ARCH = YES;
				SDKROOT = macosx;
				SWIFT_ACTIVE_COMPILATION_CONDITIONS = "DEBUG $(inherited)";
				SWIFT_OPTIMIZATION_LEVEL = "-Onone";
			};
			name = Debug;
		};
		55E98E012F84822A00121E23 /* Release */ = {
			isa = XCBuildConfiguration;
			buildSettings = {
				ALWAYS_SEARCH_USER_PATHS = NO;
				ASSETCATALOG_COMPILER_GENERATE_SWIFT_ASSET_SYMBOL_EXTENSIONS = YES;
				CLANG_ANALYZER_NONNULL = YES;
				CLANG_ANALYZER_NUMBER_OBJECT_CONVERSION = YES_AGGRESSIVE;
				CLANG_CXX_LANGUAGE_STANDARD = "gnu++20";
				CLANG_ENABLE_MODULES = YES;
				CLANG_ENABLE_OBJC_ARC = YES;
				CLANG_ENABLE_OBJC_WEAK = YES;
				CLANG_WARN_BLOCK_CAPTURE_AUTORELEASING = YES;
				CLANG_WARN_BOOL_CONVERSION = YES;
				CLANG_WARN_COMMA = YES;
				CLANG_WARN_CONSTANT_CONVERSION = YES;
				CLANG_WARN_DEPRECATED_OBJC_IMPLEMENTATIONS = YES;
				CLANG_WARN_DIRECT_OBJC_ISA_USAGE = YES_ERROR;
				CLANG_WARN_DOCUMENTATION_COMMENTS = YES;
				CLANG_WARN_EMPTY_BODY = YES;
				CLANG_WARN_ENUM_CONVERSION = YES;
				CLANG_WARN_INFINITE_RECURSION = YES;
				CLANG_WARN_INT_CONVERSION = YES;
				CLANG_WARN_NON_LITERAL_NULL_CONVERSION = YES;
				CLANG_WARN_OBJC_IMPLICIT_RETAIN_SELF = YES;
				CLANG_WARN_OBJC_LITERAL_CONVERSION = YES;
				CLANG_WARN_OBJC_ROOT_CLASS = YES_ERROR;
				CLANG_WARN_QUOTED_INCLUDE_IN_FRAMEWORK_HEADER = YES;
				CLANG_WARN_RANGE_LOOP_ANALYSIS = YES;
				CLANG_WARN_STRICT_PROTOTYPES = YES;
				CLANG_WARN_SUSPICIOUS_MOVE = YES;
				CLANG_WARN_UNGUARDED_AVAILABILITY = YES_AGGRESSIVE;
				CLANG_WARN_UNREACHABLE_CODE = YES;
				CLANG_WARN__DUPLICATE_METHOD_MATCH = YES;
				COPY_PHASE_STRIP = NO;
				DEBUG_INFORMATION_FORMAT = "dwarf-with-dsym";
				ENABLE_NS_ASSERTIONS = NO;
				ENABLE_STRICT_OBJC_MSGSEND = YES;
				ENABLE_USER_SCRIPT_SANDBOXING = YES;
				GCC_C_LANGUAGE_STANDARD = gnu17;
				GCC_NO_COMMON_BLOCKS = YES;
				GCC_WARN_64_TO_32_BIT_CONVERSION = YES;
				GCC_WARN_ABOUT_RETURN_TYPE = YES_ERROR;
				GCC_WARN_UNDECLARED_SELECTOR = YES;
				GCC_WARN_UNINITIALIZED_AUTOS = YES_AGGRESSIVE;
				GCC_WARN_UNUSED_FUNCTION = YES;
				GCC_WARN_UNUSED_VARIABLE = YES;
				LOCALIZATION_PREFERS_STRING_CATALOGS = YES;
				MACOSX_DEPLOYMENT_TARGET = 10.14;
				MTL_ENABLE_DEBUG_INFO = NO;
				MTL_FAST_MATH = YES;
				SDKROOT = macosx;
				SWIFT_COMPILATION_MODE = wholemodule;
			};
			name = Release;
		};
		55E98E032F84822A00121E23 /* Debug */ = {
			isa = XCBuildConfiguration;
			buildSettings = {
				CODE_SIGN_STYLE = Automatic;
				CURRENT_PROJECT_VERSION = 1;
				ENABLE_APP_SANDBOX = YES;
				ENABLE_HARDENED_RUNTIME = YES;
				ENABLE_USER_SELECTED_FILES = readonly;
				GENERATE_INFOPLIST_FILE = YES;
				INFOPLIST_FILE = "LibrAA Translator Extension/Info.plist";
				INFOPLIST_KEY_CFBundleDisplayName = "LibrAA Translator Extension";
				INFOPLIST_KEY_NSHumanReadableCopyright = "";
				LD_RUNPATH_SEARCH_PATHS = (
					"$(inherited)",
					"@executable_path/../Frameworks",
					"@executable_path/../../../../Frameworks",
				);
				MACOSX_DEPLOYMENT_TARGET = 10.14;
				MARKETING_VERSION = 1.0;
				OTHER_LDFLAGS = (
					"-framework",
					SafariServices,
				);
				PRODUCT_BUNDLE_IDENTIFIER = "net.tunaground.libraa.LibrAA-Translator.Extension";
				PRODUCT_NAME = "$(TARGET_NAME)";
				SKIP_INSTALL = YES;
				STRING_CATALOG_GENERATE_SYMBOLS = YES;
				SWIFT_APPROACHABLE_CONCURRENCY = YES;
				SWIFT_EMIT_LOC_STRINGS = YES;
				SWIFT_UPCOMING_FEATURE_MEMBER_IMPORT_VISIBILITY = YES;
				SWIFT_VERSION = 5.0;
			};
			name = Debug;
		};
		55E98E042F84822A00121E23 /* Release */ = {
			isa = XCBuildConfiguration;
			buildSettings = {
				CODE_SIGN_STYLE = Automatic;
				CURRENT_PROJECT_VERSION = 1;
				ENABLE_APP_SANDBOX = YES;
				ENABLE_HARDENED_RUNTIME = YES;
				ENABLE_USER_SELECTED_FILES = readonly;
				GENERATE_INFOPLIST_FILE = YES;
				INFOPLIST_FILE = "LibrAA Translator Extension/Info.plist";
				INFOPLIST_KEY_CFBundleDisplayName = "LibrAA Translator Extension";
				INFOPLIST_KEY_NSHumanReadableCopyright = "";
				LD_RUNPATH_SEARCH_PATHS = (
					"$(inherited)",
					"@executable_path/../Frameworks",
					"@executable_path/../../../../Frameworks",
				);
				MACOSX_DEPLOYMENT_TARGET = 10.14;
				MARKETING_VERSION = 1.0;
				OTHER_LDFLAGS = (
					"-framework",
					SafariServices,
				);
				PRODUCT_BUNDLE_IDENTIFIER = "net.tunaground.libraa.LibrAA-Translator.Extension";
				PRODUCT_NAME = "$(TARGET_NAME)";
				SKIP_INSTALL = YES;
				STRING_CATALOG_GENERATE_SYMBOLS = YES;
				SWIFT_APPROACHABLE_CONCURRENCY = YES;
				SWIFT_EMIT_LOC_STRINGS = YES;
				SWIFT_UPCOMING_FEATURE_MEMBER_IMPORT_VISIBILITY = YES;
				SWIFT_VERSION = 5.0;
			};
			name = Release;
		};
		55E98E072F84822A00121E23 /* Debug */ = {
			isa = XCBuildConfiguration;
			buildSettings = {
				ASSETCATALOG_COMPILER_APPICON_NAME = AppIcon;
				ASSETCATALOG_COMPILER_GLOBAL_ACCENT_COLOR_NAME = AccentColor;
				CODE_SIGN_STYLE = Automatic;
				COMBINE_HIDPI_IMAGES = YES;
				CURRENT_PROJECT_VERSION = 1;
				ENABLE_APP_SANDBOX = YES;
				ENABLE_HARDENED_RUNTIME = YES;
				ENABLE_OUTGOING_NETWORK_CONNECTIONS = YES;
				ENABLE_USER_SELECTED_FILES = readonly;
				GENERATE_INFOPLIST_FILE = YES;
				INFOPLIST_FILE = "LibrAA Translator/Info.plist";
				INFOPLIST_KEY_CFBundleDisplayName = "LibrAA Translator";
				INFOPLIST_KEY_NSHumanReadableCopyright = "";
				INFOPLIST_KEY_NSMainStoryboardFile = Main;
				INFOPLIST_KEY_NSPrincipalClass = NSApplication;
				LD_RUNPATH_SEARCH_PATHS = (
					"$(inherited)",
					"@executable_path/../Frameworks",
				);
				MARKETING_VERSION = 1.0;
				OTHER_LDFLAGS = (
					"-framework",
					SafariServices,
					"-framework",
					WebKit,
				);
				PRODUCT_BUNDLE_IDENTIFIER = "net.tunaground.libraa.LibrAA-Translator";
				PRODUCT_NAME = "$(TARGET_NAME)";
				REGISTER_APP_GROUPS = YES;
				STRING_CATALOG_GENERATE_SYMBOLS = YES;
				SWIFT_APPROACHABLE_CONCURRENCY = YES;
				SWIFT_DEFAULT_ACTOR_ISOLATION = MainActor;
				SWIFT_EMIT_LOC_STRINGS = YES;
				SWIFT_UPCOMING_FEATURE_MEMBER_IMPORT_VISIBILITY = YES;
				SWIFT_VERSION = 5.0;
			};
			name = Debug;
		};
		55E98E082F84822A00121E23 /* Release */ = {
			isa = XCBuildConfiguration;
			buildSettings = {
				ASSETCATALOG_COMPILER_APPICON_NAME = AppIcon;
				ASSETCATALOG_COMPILER_GLOBAL_ACCENT_COLOR_NAME = AccentColor;
				CODE_SIGN_STYLE = Automatic;
				COMBINE_HIDPI_IMAGES = YES;
				CURRENT_PROJECT_VERSION = 1;
				ENABLE_APP_SANDBOX = YES;
				ENABLE_HARDENED_RUNTIME = YES;
				ENABLE_OUTGOING_NETWORK_CONNECTIONS = YES;
				ENABLE_USER_SELECTED_FILES = readonly;
				GENERATE_INFOPLIST_FILE = YES;
				INFOPLIST_FILE = "LibrAA Translator/Info.plist";
				INFOPLIST_KEY_CFBundleDisplayName = "LibrAA Translator";
				INFOPLIST_KEY_NSHumanReadableCopyright = "";
				INFOPLIST_KEY_NSMainStoryboardFile = Main;
				INFOPLIST_KEY_NSPrincipalClass = NSApplication;
				LD_RUNPATH_SEARCH_PATHS = (
					"$(inherited)",
					"@executable_path/../Frameworks",
				);
				MARKETING_VERSION = 1.0;
				OTHER_LDFLAGS = (
					"-framework",
					SafariServices,
					"-framework",
					WebKit,
				);
				PRODUCT_BUNDLE_IDENTIFIER = "net.tunaground.libraa.LibrAA-Translator";
				PRODUCT_NAME = "$(TARGET_NAME)";
				REGISTER_APP_GROUPS = YES;
				STRING_CATALOG_GENERATE_SYMBOLS = YES;
				SWIFT_APPROACHABLE_CONCURRENCY = YES;
				SWIFT_DEFAULT_ACTOR_ISOLATION = MainActor;
				SWIFT_EMIT_LOC_STRINGS = YES;
				SWIFT_UPCOMING_FEATURE_MEMBER_IMPORT_VISIBILITY = YES;
				SWIFT_VERSION = 5.0;
			};
			name = Release;
		};
/* End XCBuildConfiguration section */

/* Begin XCConfigurationList section */
		55E98DD82F84822800121E23 /* Build configuration list for PBXProject "LibrAA Translator" */ = {
			isa = XCConfigurationList;
			buildConfigurations = (
				55E98E002F84822A00121E23 /* Debug */,
				55E98E012F84822A00121E23 /* Release */,
			);
			defaultConfigurationIsVisible = 0;
			defaultConfigurationName = Release;
		};
		55E98E022F84822A00121E23 /* Build configuration list for PBXNativeTarget "LibrAA Translator Extension" */ = {
			isa = XCConfigurationList;
			buildConfigurations = (
				55E98E032F84822A00121E23 /* Debug */,
				55E98E042F84822A00121E23 /* Release */,
			);
			defaultConfigurationIsVisible = 0;
			defaultConfigurationName = Release;
		};
		55E98E062F84822A00121E23 /* Build configuration list for PBXNativeTarget "LibrAA Translator" */ = {
			isa = XCConfigurationList;
			buildConfigurations = (
				55E98E072F84822A00121E23 /* Debug */,
				55E98E082F84822A00121E23 /* Release */,
			);
			defaultConfigurationIsVisible = 0;
			defaultConfigurationName = Release;
		};
/* End XCConfigurationList section */
	};
	rootObject = 55E98DD52F84822800121E23 /* Project object */;
}
